// !$*UTF8*$!
{
	archiveVersion = 1;
	classes = {
	};
	objectVersion = 77;
	objects = {

/* Begin PBXBuildFile section */
		07A0DCA13A93E6271232535C /* KeychainManager.swift in Sources */ = {isa = PBXBuildFile; fileRef = 1A9E71C3A7CB1F6BB57DC8E8 /* KeychainManager.swift */; };
		087EA07EC8A40E2707A1D567 /* HomeKitService.swift in Sources */ = {isa = PBXBuildFile; fileRef = A943E77BFDBA802900FA6014 /* HomeKitService.swift */; };
		09092237862D6F73171C9F4A /* InteractiveMoodWidget.swift in Sources */ = {isa = PBXBuildFile; fileRef = 0A8C78DB6D8406DE65F35C3B /* InteractiveMoodWidget.swift */; };
		1979BB5FF1EEC3061F24B628 /* FerniAppIntents.swift in Sources */ = {isa = PBXBuildFile; fileRef = CCE15D61BE583A97D8949108 /* FerniAppIntents.swift */; };
		1CDCF6AEA8221C5C3BA32246 /* LocationService.swift in Sources */ = {isa = PBXBuildFile; fileRef = F20933E62906112CEBE251D0 /* LocationService.swift */; };
		2A3E516A7784E94BFC4AD896 /* BetterThanHumanIntegration.swift in Sources */ = {isa = PBXBuildFile; fileRef = D2AF779500BF6520526BF175 /* BetterThanHumanIntegration.swift */; };
		314AC7A45277FF0020B11B9C /* FerniWatchContentView.swift in Sources */ = {isa = PBXBuildFile; fileRef = 89DA2E05840532330359EA25 /* FerniWatchContentView.swift */; };
		35C03580BC88E4E8D27539EB /* HealthKitService.swift in Sources */ = {isa = PBXBuildFile; fileRef = 76626BFFF99251B574EA46E0 /* HealthKitService.swift */; };
		38E526878C1ED96B7D5BBB97 /* SplashView.swift in Sources */ = {isa = PBXBuildFile; fileRef = 8D7222CEC31033F22CD392C9 /* SplashView.swift */; };
		3A0CB6D3A74E5AFA11E8C252 /* PrivacyInfo.xcprivacy in Resources */ = {isa = PBXBuildFile; fileRef = CD021796CD20632582F2EBE8 /* PrivacyInfo.xcprivacy */; };
		3A5FB98442E72F8D2295C6AB /* LiveKit in Frameworks */ = {isa = PBXBuildFile; productRef = 7F58E1F2D8611AEA3CBDE1CF /* LiveKit */; };
		4078804CAAF53E42D093BEF3 /* FerniColors.swift in Sources */ = {isa = PBXBuildFile; fileRef = B2F37C96354E4DC3C057391F /* FerniColors.swift */; };
		42D2573C889B3D5EC1426B68 /* FerniWatchApp.swift in Sources */ = {isa = PBXBuildFile; fileRef = 98E497A52D1874327EA2C4E8 /* FerniWatchApp.swift */; };
		44E30CF0700B3AC46F4302B2 /* PrivacyInfo.xcprivacy in Resources */ = {isa = PBXBuildFile; fileRef = 80886A6A6B004CA2AD50CE08 /* PrivacyInfo.xcprivacy */; };
		4BB3AD21D871B1CED59D986B /* FerniWidgets.appex in Embed Foundation Extensions */ = {isa = PBXBuildFile; fileRef = B9381338280EB23E797FCCFF /* FerniWidgets.appex */; settings = {ATTRIBUTES = (RemoveHeadersOnCopy, ); }; };
		4C29E322E47F2977BC20BD9A /* FerniWidgets.swift in Sources */ = {isa = PBXBuildFile; fileRef = 33A8805B6F5BFB5567F5C730 /* FerniWidgets.swift */; };
		4F06D21EDF5371215633C7EE /* FirebaseCore in Frameworks */ = {isa = PBXBuildFile; productRef = A8DFE9A0454A9EE06FF5E8AE /* FirebaseCore */; };
		505ECFBDBD6E34C6DF676016 /* FerniVoiceiOSTests.swift in Sources */ = {isa = PBXBuildFile; fileRef = 057030A23913AA4508F31CA5 /* FerniVoiceiOSTests.swift */; };
		508D1E8B4967CF2734566569 /* ProactiveNotificationsService.swift in Sources */ = {isa = PBXBuildFile; fileRef = BBE5757EB868FB283604549B /* ProactiveNotificationsService.swift */; };
		57DE7CF2E6546CEE347C0A4D /* FirebaseAuth in Frameworks */ = {isa = PBXBuildFile; productRef = 96C325A386230CA06BECAE25 /* FirebaseAuth */; };
		5E9DD86031A2487BF18CDB2C /* Assets.xcassets in Resources */ = {isa = PBXBuildFile; fileRef = F04FA1A9819A79553E2DFD9D /* Assets.xcassets */; };
		61BEB49A3052CE32B516731C /* CalendarService.swift in Sources */ = {isa = PBXBuildFile; fileRef = 29BB5080485676C54DDDF79C /* CalendarService.swift */; };
		6232DB46AC207014C37B8C70 /* LaunchScreen.storyboard in Resources */ = {isa = PBXBuildFile; fileRef = 34F416313EA2C8E595365B97 /* LaunchScreen.storyboard */; };
		67228DEE2B28C781DB7B04F3 /* ContactsService.swift in Sources */ = {isa = PBXBuildFile; fileRef = 505851F69FD089CE7650DEFF /* ContactsService.swift */; };
		6D5395233E5005AE6DB2C840 /* FerniShared in Frameworks */ = {isa = PBXBuildFile; productRef = 3B631CB053C6EB9371773D9B /* FerniShared */; };
		6D70535586BC24CC68BB4047 /* SiriShortcutsService.swift in Sources */ = {isa = PBXBuildFile; fileRef = 75739E78205CF9DE365E596F /* SiriShortcutsService.swift */; };
		71DBFCDCB93508C117E88BC4 /* FerniShared in Frameworks */ = {isa = PBXBuildFile; productRef = C0D1614C00172F95BE68DF38 /* FerniShared */; };
		81DD38671F19B6737A0B0324 /* IOSLiveKitSession.swift in Sources */ = {isa = PBXBuildFile; fileRef = FA689264727BB185C9BF4637 /* IOSLiveKitSession.swift */; };
		8FF75B8B56A24D6680C59E67 /* FerniWatchWidgets.swift in Sources */ = {isa = PBXBuildFile; fileRef = 183B5FD5B7D7FF9C6C82A709 /* FerniWatchWidgets.swift */; };
		933A06C859C1BCF3759BECA2 /* Preview Assets.xcassets in Resources */ = {isa = PBXBuildFile; fileRef = 48F30B3032FFDDD816F08C2F /* Preview Assets.xcassets */; };
		97E4359846FF1AA1C905476F /* FerniWatchWidgets.appex in Embed Foundation Extensions */ = {isa = PBXBuildFile; fileRef = 1E200EF528FAF22F00BECA35 /* FerniWatchWidgets.appex */; settings = {ATTRIBUTES = (RemoveHeadersOnCopy, ); }; };
		A1B55779BE949A39FE4602B1 /* OnboardingView.swift in Sources */ = {isa = PBXBuildFile; fileRef = 2B6FD9C87E3433EDE46EB029 /* OnboardingView.swift */; };
		A41ACBCEB7816D5E8CBE7053 /* AuthService.swift in Sources */ = {isa = PBXBuildFile; fileRef = FF709012D71F089D59346C57 /* AuthService.swift */; };
		B8A057B12C22DFEC335D6D11 /* PersonaPickerSheet.swift in Sources */ = {isa = PBXBuildFile; fileRef = A7209647670485E81A61C468 /* PersonaPickerSheet.swift */; };
		B93B80BA369079B320F74101 /* ConnectingView.swift in Sources */ = {isa = PBXBuildFile; fileRef = 3C8E9F7817349C526B5FE3DC /* ConnectingView.swift */; };
		C340251A1D014037CC241AE5 /* MusicKitService.swift in Sources */ = {isa = PBXBuildFile; fileRef = A87A7C7C965C1033A85462E9 /* MusicKitService.swift */; };
		D3C80696A4CDAD54CE9C0511 /* Assets.xcassets in Resources */ = {isa = PBXBuildFile; fileRef = 32CEA5A26D2CF03C1DD0290C /* Assets.xcassets */; };
		DABDAEFC261D7A2DF63FBD6D /* Typography.swift in Sources */ = {isa = PBXBuildFile; fileRef = BCC596556B7D8A8EC66681E8 /* Typography.swift */; };
		DCFABF9EE4A54F5003FD8FEF /* GoogleService-Info.plist in Resources */ = {isa = PBXBuildFile; fileRef = 5A14EDF0CFC3A724B79B9969 /* GoogleService-Info.plist */; };
		DD5957C8DA4311524E6511B8 /* AmbientModeService.swift in Sources */ = {isa = PBXBuildFile; fileRef = 52D686533AA45C1925F88A5B /* AmbientModeService.swift */; };
		E8ABFBE1338A50A0953891D9 /* FerniVoiceApp.swift in Sources */ = {isa = PBXBuildFile; fileRef = 108E301F69A0A9F26F74CF53 /* FerniVoiceApp.swift */; };
		EB020B72B1AA4A8E51984708 /* TranscriptView.swift in Sources */ = {isa = PBXBuildFile; fileRef = 1F27F2C7405B88DDE71FDE58 /* TranscriptView.swift */; };
		ED8512C6774680019D03F987 /* AccountSection.swift in Sources */ = {isa = PBXBuildFile; fileRef = DDBAD3CDC18C4DD4B2CA54B1 /* AccountSection.swift */; };
		F22925FC29B40832E7BFC503 /* SettingsView.swift in Sources */ = {isa = PBXBuildFile; fileRef = E03DE09C41C69126019ADA01 /* SettingsView.swift */; };
		F4E13C526196F79F7F2E0C2C /* FerniShared in Frameworks */ = {isa = PBXBuildFile; productRef = 8C505BC4CC69B1F692F97697 /* FerniShared */; };
		FFB3F04E8F23D145E327FFE7 /* VoiceView.swift in Sources */ = {isa = PBXBuildFile; fileRef = C9BBFD561D98CE488F6AA9FC /* VoiceView.swift */; };
/* End PBXBuildFile section */

/* Begin PBXContainerItemProxy section */
		110CD8A9D70E857312945A26 /* PBXContainerItemProxy */ = {
			isa = PBXContainerItemProxy;
			containerPortal = E9185C2B470E50C038B18833 /* Project object */;
			proxyType = 1;
			remoteGlobalIDString = 2330EDFA02079221D97BDE77;
			remoteInfo = FerniVoice;
		};
		74C5FAC598B4236794BE5A96 /* PBXContainerItemProxy */ = {
			isa = PBXContainerItemProxy;
			containerPortal = E9185C2B470E50C038B18833 /* Project object */;
			proxyType = 1;
			remoteGlobalIDString = 08F33F2F7B01D0368EE3975D;
			remoteInfo = FerniWidgets;
		};
		B2ADF9AAF38A0E0B68187BB4 /* PBXContainerItemProxy */ = {
			isa = PBXContainerItemProxy;
			containerPortal = E9185C2B470E50C038B18833 /* Project object */;
			proxyType = 1;
			remoteGlobalIDString = 25D983DE141E287111444992;
			remoteInfo = FerniWatchWidgets;
		};
/* End PBXContainerItemProxy section */

/* Begin PBXCopyFilesBuildPhase section */
		2862D2B825434E9AAAF70364 /* Embed Foundation Extensions */ = {
			isa = PBXCopyFilesBuildPhase;
			buildActionMask = 2147483647;
			dstPath = "";
			dstSubfolderSpec = 13;
			files = (
				4BB3AD21D871B1CED59D986B /* FerniWidgets.appex in Embed Foundation Extensions */,
			);
			name = "Embed Foundation Extensions";
			runOnlyForDeploymentPostprocessing = 0;
		};
		997AF61115087A553062F783 /* Embed Foundation Extensions */ = {
			isa = PBXCopyFilesBuildPhase;
			buildActionMask = 2147483647;
			dstPath = "";
			dstSubfolderSpec = 13;
			files = (
				97E4359846FF1AA1C905476F /* FerniWatchWidgets.appex in Embed Foundation Extensions */,
			);
			name = "Embed Foundation Extensions";
			runOnlyForDeploymentPostprocessing = 0;
		};
/* End PBXCopyFilesBuildPhase section */

/* Begin PBXFileReference section */
		057030A23913AA4508F31CA5 /* FerniVoiceiOSTests.swift */ = {isa = PBXFileReference; lastKnownFileType = sourcecode.swift; path = FerniVoiceiOSTests.swift; sourceTree = "<group>"; };
		0A8C78DB6D8406DE65F35C3B /* InteractiveMoodWidget.swift */ = {isa = PBXFileReference; lastKnownFileType = sourcecode.swift; path = InteractiveMoodWidget.swift; sourceTree = "<group>"; };
		102C31505053144B48576C2E /* FerniVoice.entitlements */ = {isa = PBXFileReference; lastKnownFileType = text.plist.entitlements; path = FerniVoice.entitlements; sourceTree = "<group>"; };
		108E301F69A0A9F26F74CF53 /* FerniVoiceApp.swift */ = {isa = PBXFileReference; lastKnownFileType = sourcecode.swift; path = FerniVoiceApp.swift; sourceTree = "<group>"; };
		183B5FD5B7D7FF9C6C82A709 /* FerniWatchWidgets.swift */ = {isa = PBXFileReference; lastKnownFileType = sourcecode.swift; path = FerniWatchWidgets.swift; sourceTree = "<group>"; };
		1A9E71C3A7CB1F6BB57DC8E8 /* KeychainManager.swift */ = {isa = PBXFileReference; lastKnownFileType = sourcecode.swift; path = KeychainManager.swift; sourceTree = "<group>"; };
		1E200EF528FAF22F00BECA35 /* FerniWatchWidgets.appex */ = {isa = PBXFileReference; explicitFileType = "wrapper.app-extension"; includeInIndex = 0; path = FerniWatchWidgets.appex; sourceTree = BUILT_PRODUCTS_DIR; };
		1F27F2C7405B88DDE71FDE58 /* TranscriptView.swift */ = {isa = PBXFileReference; lastKnownFileType = sourcecode.swift; path = TranscriptView.swift; sourceTree = "<group>"; };
		29BB5080485676C54DDDF79C /* CalendarService.swift */ = {isa = PBXFileReference; lastKnownFileType = sourcecode.swift; path = CalendarService.swift; sourceTree = "<group>"; };
		2B6FD9C87E3433EDE46EB029 /* OnboardingView.swift */ = {isa = PBXFileReference; lastKnownFileType = sourcecode.swift; path = OnboardingView.swift; sourceTree = "<group>"; };
		306EE9F7FF54ECFC46ACDF84 /* FerniWatchWidgets.entitlements */ = {isa = PBXFileReference; lastKnownFileType = text.plist.entitlements; path = FerniWatchWidgets.entitlements; sourceTree = "<group>"; };
		32CEA5A26D2CF03C1DD0290C /* Assets.xcassets */ = {isa = PBXFileReference; lastKnownFileType = folder.assetcatalog; path = Assets.xcassets; sourceTree = "<group>"; };
		33A8805B6F5BFB5567F5C730 /* FerniWidgets.swift */ = {isa = PBXFileReference; lastKnownFileType = sourcecode.swift; path = FerniWidgets.swift; sourceTree = "<group>"; };
		34902D96383D6F73CADDE82E /* shared */ = {isa = PBXFileReference; lastKnownFileType = folder; name = shared; path = ../shared; sourceTree = SOURCE_ROOT; };
		34F416313EA2C8E595365B97 /* LaunchScreen.storyboard */ = {isa = PBXFileReference; lastKnownFileType = file.storyboard; path = LaunchScreen.storyboard; sourceTree = "<group>"; };
		3C8E9F7817349C526B5FE3DC /* ConnectingView.swift */ = {isa = PBXFileReference; lastKnownFileType = sourcecode.swift; path = ConnectingView.swift; sourceTree = "<group>"; };
		463B0E52F509DDCB9F6D0EC4 /* Info.plist */ = {isa = PBXFileReference; lastKnownFileType = text.plist; path = Info.plist; sourceTree = "<group>"; };
		48269BE6808C7D6A38AA4CE7 /* FerniWidgets.entitlements */ = {isa = PBXFileReference; lastKnownFileType = text.plist.entitlements; path = FerniWidgets.entitlements; sourceTree = "<group>"; };
		48F30B3032FFDDD816F08C2F /* Preview Assets.xcassets */ = {isa = PBXFileReference; lastKnownFileType = folder.assetcatalog; path = "Preview Assets.xcassets"; sourceTree = "<group>"; };
		505851F69FD089CE7650DEFF /* ContactsService.swift */ = {isa = PBXFileReference; lastKnownFileType = sourcecode.swift; path = ContactsService.swift; sourceTree = "<group>"; };
		52D686533AA45C1925F88A5B /* AmbientModeService.swift */ = {isa = PBXFileReference; lastKnownFileType = sourcecode.swift; path = AmbientModeService.swift; sourceTree = "<group>"; };
		531E78BEC3733500965F8FB8 /* Info.plist */ = {isa = PBXFileReference; lastKnownFileType = text.plist; path = Info.plist; sourceTree = "<group>"; };
		5A14EDF0CFC3A724B79B9969 /* GoogleService-Info.plist */ = {isa = PBXFileReference; lastKnownFileType = text.plist; path = "GoogleService-Info.plist"; sourceTree = "<group>"; };
		5F50555303ADF2940EFA244D /* FerniVoice.app */ = {isa = PBXFileReference; includeInIndex = 0; lastKnownFileType = wrapper.application; path = FerniVoice.app; sourceTree = BUILT_PRODUCTS_DIR; };
		73427B6F3CBC0A271A7D438C /* Info.plist */ = {isa = PBXFileReference; lastKnownFileType = text.plist; path = Info.plist; sourceTree = "<group>"; };
		75739E78205CF9DE365E596F /* SiriShortcutsService.swift */ = {isa = PBXFileReference; lastKnownFileType = sourcecode.swift; path = SiriShortcutsService.swift; sourceTree = "<group>"; };
		76626BFFF99251B574EA46E0 /* HealthKitService.swift */ = {isa = PBXFileReference; lastKnownFileType = sourcecode.swift; path = HealthKitService.swift; sourceTree = "<group>"; };
		80886A6A6B004CA2AD50CE08 /* PrivacyInfo.xcprivacy */ = {isa = PBXFileReference; includeInIndex = 1; name = PrivacyInfo.xcprivacy; path = PrivacyInfo.xcprivacy; sourceTree = "<group>"; };
		89DA2E05840532330359EA25 /* FerniWatchContentView.swift */ = {isa = PBXFileReference; lastKnownFileType = sourcecode.swift; path = FerniWatchContentView.swift; sourceTree = "<group>"; };
		8D708901B1EDA0A559D6914E /* FerniWatch.entitlements */ = {isa = PBXFileReference; lastKnownFileType = text.plist.entitlements; path = FerniWatch.entitlements; sourceTree = "<group>"; };
		8D7222CEC31033F22CD392C9 /* SplashView.swift */ = {isa = PBXFileReference; lastKnownFileType = sourcecode.swift; path = SplashView.swift; sourceTree = "<group>"; };
		93C4316F970663A7E610C95D /* Info.plist */ = {isa = PBXFileReference; lastKnownFileType = text.plist; path = Info.plist; sourceTree = "<group>"; };
		98E497A52D1874327EA2C4E8 /* FerniWatchApp.swift */ = {isa = PBXFileReference; lastKnownFileType = sourcecode.swift; path = FerniWatchApp.swift; sourceTree = "<group>"; };
		9DE0DC542CA35F9D7A6EB679 /* client-sdk-swift */ = {isa = PBXFileReference; lastKnownFileType = folder; name = "client-sdk-swift"; path = "../../vendor/client-sdk-swift"; sourceTree = SOURCE_ROOT; };
		A7209647670485E81A61C468 /* PersonaPickerSheet.swift */ = {isa = PBXFileReference; lastKnownFileType = sourcecode.swift; path = PersonaPickerSheet.swift; sourceTree = "<group>"; };
		A87A7C7C965C1033A85462E9 /* MusicKitService.swift */ = {isa = PBXFileReference; lastKnownFileType = sourcecode.swift; path = MusicKitService.swift; sourceTree = "<group>"; };
		A8AF704CB96DE0ACBF0E9DA4 /* FerniVoiceTests.xctest */ = {isa = PBXFileReference; includeInIndex = 0; lastKnownFileType = wrapper.cfbundle; path = FerniVoiceTests.xctest; sourceTree = BUILT_PRODUCTS_DIR; };
		A943E77BFDBA802900FA6014 /* HomeKitService.swift */ = {isa = PBXFileReference; lastKnownFileType = sourcecode.swift; path = HomeKitService.swift; sourceTree = "<group>"; };
		B2F37C96354E4DC3C057391F /* FerniColors.swift */ = {isa = PBXFileReference; lastKnownFileType = sourcecode.swift; path = FerniColors.swift; sourceTree = "<group>"; };
		B9381338280EB23E797FCCFF /* FerniWidgets.appex */ = {isa = PBXFileReference; includeInIndex = 0; lastKnownFileType = "wrapper.app-extension"; path = FerniWidgets.appex; sourceTree = BUILT_PRODUCTS_DIR; };
		BBE5757EB868FB283604549B /* ProactiveNotificationsService.swift */ = {isa = PBXFileReference; lastKnownFileType = sourcecode.swift; path = ProactiveNotificationsService.swift; sourceTree = "<group>"; };
		BCC596556B7D8A8EC66681E8 /* Typography.swift */ = {isa = PBXFileReference; lastKnownFileType = sourcecode.swift; path = Typography.swift; sourceTree = "<group>"; };
		C042064D8386AD5E095ADE89 /* FerniWatch.app */ = {isa = PBXFileReference; explicitFileType = wrapper.application; includeInIndex = 0; path = FerniWatch.app; sourceTree = BUILT_PRODUCTS_DIR; };
		C9BBFD561D98CE488F6AA9FC /* VoiceView.swift */ = {isa = PBXFileReference; lastKnownFileType = sourcecode.swift; path = VoiceView.swift; sourceTree = "<group>"; };
		CCE15D61BE583A97D8949108 /* FerniAppIntents.swift */ = {isa = PBXFileReference; lastKnownFileType = sourcecode.swift; path = FerniAppIntents.swift; sourceTree = "<group>"; };
		CD021796CD20632582F2EBE8 /* PrivacyInfo.xcprivacy */ = {isa = PBXFileReference; includeInIndex = 1; name = PrivacyInfo.xcprivacy; path = FerniWatch/PrivacyInfo.xcprivacy; sourceTree = "<group>"; };
		D2AF779500BF6520526BF175 /* BetterThanHumanIntegration.swift */ = {isa = PBXFileReference; lastKnownFileType = sourcecode.swift; path = BetterThanHumanIntegration.swift; sourceTree = "<group>"; };
		DDBAD3CDC18C4DD4B2CA54B1 /* AccountSection.swift */ = {isa = PBXFileReference; lastKnownFileType = sourcecode.swift; path = AccountSection.swift; sourceTree = "<group>"; };
		E03DE09C41C69126019ADA01 /* SettingsView.swift */ = {isa = PBXFileReference; lastKnownFileType = sourcecode.swift; path = SettingsView.swift; sourceTree = "<group>"; };
		F04FA1A9819A79553E2DFD9D /* Assets.xcassets */ = {isa = PBXFileReference; includeInIndex = 1; lastKnownFileType = folder.assetcatalog; name = Assets.xcassets; path = FerniWatch/Assets.xcassets; sourceTree = "<group>"; };
		F20933E62906112CEBE251D0 /* LocationService.swift */ = {isa = PBXFileReference; lastKnownFileType = sourcecode.swift; path = LocationService.swift; sourceTree = "<group>"; };
		FA689264727BB185C9BF4637 /* IOSLiveKitSession.swift */ = {isa = PBXFileReference; lastKnownFileType = sourcecode.swift; path = IOSLiveKitSession.swift; sourceTree = "<group>"; };
		FF709012D71F089D59346C57 /* AuthService.swift */ = {isa = PBXFileReference; lastKnownFileType = sourcecode.swift; path = AuthService.swift; sourceTree = "<group>"; };
/* End PBXFileReference section */

/* Begin PBXFrameworksBuildPhase section */
		2817C8B3D1558CAB1F9EB7CB /* Frameworks */ = {
			isa = PBXFrameworksBuildPhase;
			buildActionMask = 2147483647;
			files = (
				F4E13C526196F79F7F2E0C2C /* FerniShared in Frameworks */,
			);
			runOnlyForDeploymentPostprocessing = 0;
		};
		A70347C63FB9306B77EAA290 /* Frameworks */ = {
			isa = PBXFrameworksBuildPhase;
			buildActionMask = 2147483647;
			files = (
				71DBFCDCB93508C117E88BC4 /* FerniShared in Frameworks */,
			);
			runOnlyForDeploymentPostprocessing = 0;
		};
		DAF91C6A1AB64AE1FA932C13 /* Frameworks */ = {
			isa = PBXFrameworksBuildPhase;
			buildActionMask = 2147483647;
			files = (
				3A5FB98442E72F8D2295C6AB /* LiveKit in Frameworks */,
				6D5395233E5005AE6DB2C840 /* FerniShared in Frameworks */,
				57DE7CF2E6546CEE347C0A4D /* FirebaseAuth in Frameworks */,
				4F06D21EDF5371215633C7EE /* FirebaseCore in Frameworks */,
			);
			runOnlyForDeploymentPostprocessing = 0;
		};
/* End PBXFrameworksBuildPhase section */

/* Begin PBXGroup section */
		0345ED12B44D3F986EBEDFF6 /* FerniVoice */ = {
			isa = PBXGroup;
			children = (
				32CEA5A26D2CF03C1DD0290C /* Assets.xcassets */,
				102C31505053144B48576C2E /* FerniVoice.entitlements */,
				5A14EDF0CFC3A724B79B9969 /* GoogleService-Info.plist */,
				73427B6F3CBC0A271A7D438C /* Info.plist */,
				34F416313EA2C8E595365B97 /* LaunchScreen.storyboard */,
				7EF3D26D13B368B036DE0B6B /* Preview Content */,
				80886A6A6B004CA2AD50CE08 /* PrivacyInfo.xcprivacy */,
			);
			path = FerniVoice;
			sourceTree = "<group>";
		};
		0E16B889D66C34F6ABCDED75 /* Tests */ = {
			isa = PBXGroup;
			children = (
				BFD4BEBD78ADEBADCC352FA1 /* FerniVoiceiOSTests */,
			);
			path = Tests;
			sourceTree = "<group>";
		};
		12BF02DB87713224F5C8F13A /* Views */ = {
			isa = PBXGroup;
			children = (
				DDBAD3CDC18C4DD4B2CA54B1 /* AccountSection.swift */,
				3C8E9F7817349C526B5FE3DC /* ConnectingView.swift */,
				2B6FD9C87E3433EDE46EB029 /* OnboardingView.swift */,
				A7209647670485E81A61C468 /* PersonaPickerSheet.swift */,
				E03DE09C41C69126019ADA01 /* SettingsView.swift */,
				8D7222CEC31033F22CD392C9 /* SplashView.swift */,
				1F27F2C7405B88DDE71FDE58 /* TranscriptView.swift */,
				C9BBFD561D98CE488F6AA9FC /* VoiceView.swift */,
			);
			path = Views;
			sourceTree = "<group>";
		};
		14EF427128B5FF708EA0BF6D /* Products */ = {
			isa = PBXGroup;
			children = (
				5F50555303ADF2940EFA244D /* FerniVoice.app */,
				A8AF704CB96DE0ACBF0E9DA4 /* FerniVoiceTests.xctest */,
				C042064D8386AD5E095ADE89 /* FerniWatch.app */,
				1E200EF528FAF22F00BECA35 /* FerniWatchWidgets.appex */,
				B9381338280EB23E797FCCFF /* FerniWidgets.appex */,
			);
			name = Products;
			sourceTree = "<group>";
		};
		25A7B5C3E64DE76E84F2F428 /* Packages */ = {
			isa = PBXGroup;
			children = (
				9DE0DC542CA35F9D7A6EB679 /* client-sdk-swift */,
				34902D96383D6F73CADDE82E /* shared */,
			);
			name = Packages;
			sourceTree = "<group>";
		};
		73AF971D42914269E00DDEA4 /* FerniWidgets */ = {
			isa = PBXGroup;
			children = (
				CCE15D61BE583A97D8949108 /* FerniAppIntents.swift */,
				48269BE6808C7D6A38AA4CE7 /* FerniWidgets.entitlements */,
				33A8805B6F5BFB5567F5C730 /* FerniWidgets.swift */,
				93C4316F970663A7E610C95D /* Info.plist */,
				0A8C78DB6D8406DE65F35C3B /* InteractiveMoodWidget.swift */,
			);
			path = FerniWidgets;
			sourceTree = "<group>";
		};
		7BF7A55AF4BC8A78A83193E9 = {
			isa = PBXGroup;
			children = (
				0345ED12B44D3F986EBEDFF6 /* FerniVoice */,
				91897F0389CDB484FF419F96 /* FerniWatch */,
				DB82DB430DC356FF7571A4A4 /* FerniWatchWidgets */,
				73AF971D42914269E00DDEA4 /* FerniWidgets */,
				25A7B5C3E64DE76E84F2F428 /* Packages */,
				E400D3ECA6052491E4A5A7FD /* Sources */,
				0E16B889D66C34F6ABCDED75 /* Tests */,
				14EF427128B5FF708EA0BF6D /* Products */,
			);
			sourceTree = "<group>";
		};
		7EF3D26D13B368B036DE0B6B /* Preview Content */ = {
			isa = PBXGroup;
			children = (
				48F30B3032FFDDD816F08C2F /* Preview Assets.xcassets */,
			);
			path = "Preview Content";
			sourceTree = "<group>";
		};
		91897F0389CDB484FF419F96 /* FerniWatch */ = {
			isa = PBXGroup;
			children = (
				8D708901B1EDA0A559D6914E /* FerniWatch.entitlements */,
				98E497A52D1874327EA2C4E8 /* FerniWatchApp.swift */,
				89DA2E05840532330359EA25 /* FerniWatchContentView.swift */,
				531E78BEC3733500965F8FB8 /* Info.plist */,
				F04FA1A9819A79553E2DFD9D /* Assets.xcassets */,
				CD021796CD20632582F2EBE8 /* PrivacyInfo.xcprivacy */,
			);
			path = FerniWatch;
			sourceTree = "<group>";
		};
		97B8928333079A366582BB6F /* App */ = {
			isa = PBXGroup;
			children = (
				108E301F69A0A9F26F74CF53 /* FerniVoiceApp.swift */,
				BCC596556B7D8A8EC66681E8 /* Typography.swift */,
			);
			path = App;
			sourceTree = "<group>";
		};
		BFD4BEBD78ADEBADCC352FA1 /* FerniVoiceiOSTests */ = {
			isa = PBXGroup;
			children = (
				057030A23913AA4508F31CA5 /* FerniVoiceiOSTests.swift */,
			);
			path = FerniVoiceiOSTests;
			sourceTree = "<group>";
		};
		D602141F8121BFA17D1E0615 /* Design */ = {
			isa = PBXGroup;
			children = (
				B2F37C96354E4DC3C057391F /* FerniColors.swift */,
			);
			path = Design;
			sourceTree = "<group>";
		};
		DB82DB430DC356FF7571A4A4 /* FerniWatchWidgets */ = {
			isa = PBXGroup;
			children = (
				306EE9F7FF54ECFC46ACDF84 /* FerniWatchWidgets.entitlements */,
				183B5FD5B7D7FF9C6C82A709 /* FerniWatchWidgets.swift */,
				463B0E52F509DDCB9F6D0EC4 /* Info.plist */,
			);
			path = FerniWatchWidgets;
			sourceTree = "<group>";
		};
		E2073A04B2D5B2F9A8E60367 /* Services */ = {
			isa = PBXGroup;
			children = (
				52D686533AA45C1925F88A5B /* AmbientModeService.swift */,
				FF709012D71F089D59346C57 /* AuthService.swift */,
				D2AF779500BF6520526BF175 /* BetterThanHumanIntegration.swift */,
				29BB5080485676C54DDDF79C /* CalendarService.swift */,
				505851F69FD089CE7650DEFF /* ContactsService.swift */,
				76626BFFF99251B574EA46E0 /* HealthKitService.swift */,
				A943E77BFDBA802900FA6014 /* HomeKitService.swift */,
				FA689264727BB185C9BF4637 /* IOSLiveKitSession.swift */,
				1A9E71C3A7CB1F6BB57DC8E8 /* KeychainManager.swift */,
				F20933E62906112CEBE251D0 /* LocationService.swift */,
				A87A7C7C965C1033A85462E9 /* MusicKitService.swift */,
				BBE5757EB868FB283604549B /* ProactiveNotificationsService.swift */,
				75739E78205CF9DE365E596F /* SiriShortcutsService.swift */,
			);
			path = Services;
			sourceTree = "<group>";
		};
		E400D3ECA6052491E4A5A7FD /* Sources */ = {
			isa = PBXGroup;
			children = (
				97B8928333079A366582BB6F /* App */,
				D602141F8121BFA17D1E0615 /* Design */,
				E2073A04B2D5B2F9A8E60367 /* Services */,
				12BF02DB87713224F5C8F13A /* Views */,
			);
			path = Sources;
			sourceTree = "<group>";
		};
/* End PBXGroup section */

/* Begin PBXNativeTarget section */
		08F33F2F7B01D0368EE3975D /* FerniWidgets */ = {
			isa = PBXNativeTarget;
			buildConfigurationList = 0ABDEE4AA7FC68AFE29A348E /* Build configuration list for PBXNativeTarget "FerniWidgets" */;
			buildPhases = (
				E24C385ABE542B2B65390D75 /* Sources */,
			);
			buildRules = (
			);
			dependencies = (
			);
			name = FerniWidgets;
			productName = FerniWidgets;
			productReference = B9381338280EB23E797FCCFF /* FerniWidgets.appex */;
			productType = "com.apple.product-type.app-extension";
		};
		2330EDFA02079221D97BDE77 /* FerniVoice */ = {
			isa = PBXNativeTarget;
			buildConfigurationList = EA35538FABF4FE3F65828A39 /* Build configuration list for PBXNativeTarget "FerniVoice" */;
			buildPhases = (
				50688D7945D21C4A93E305CF /* Sources */,
				AB77E93CE10C039A4655A879 /* Resources */,
				DAF91C6A1AB64AE1FA932C13 /* Frameworks */,
				2862D2B825434E9AAAF70364 /* Embed Foundation Extensions */,
			);
			buildRules = (
			);
			dependencies = (
				78FFCFBA8C6FF17F23EC7992 /* PBXTargetDependency */,
			);
			name = FerniVoice;
			packageProductDependencies = (
				7F58E1F2D8611AEA3CBDE1CF /* LiveKit */,
				3B631CB053C6EB9371773D9B /* FerniShared */,
				96C325A386230CA06BECAE25 /* FirebaseAuth */,
				A8DFE9A0454A9EE06FF5E8AE /* FirebaseCore */,
			);
			productName = FerniVoice;
			productReference = 5F50555303ADF2940EFA244D /* FerniVoice.app */;
			productType = "com.apple.product-type.application";
		};
		25D983DE141E287111444992 /* FerniWatchWidgets */ = {
			isa = PBXNativeTarget;
			buildConfigurationList = 795DEEE2659A15869C5B1172 /* Build configuration list for PBXNativeTarget "FerniWatchWidgets" */;
			buildPhases = (
				79F99FC0D98CDEDFE0B79498 /* Sources */,
				A70347C63FB9306B77EAA290 /* Frameworks */,
			);
			buildRules = (
			);
			dependencies = (
			);
			name = FerniWatchWidgets;
			packageProductDependencies = (
				C0D1614C00172F95BE68DF38 /* FerniShared */,
			);
			productName = FerniWatchWidgets;
			productReference = 1E200EF528FAF22F00BECA35 /* FerniWatchWidgets.appex */;
			productType = "com.apple.product-type.app-extension";
		};
		8E5FE22A4AD9D915715F2766 /* FerniVoiceTests */ = {
			isa = PBXNativeTarget;
			buildConfigurationList = 5793331B8F8D326042815832 /* Build configuration list for PBXNativeTarget "FerniVoiceTests" */;
			buildPhases = (
				018850B417332ED96C8ACBA7 /* Sources */,
			);
			buildRules = (
			);
			dependencies = (
				73118FB788D53AD8A52E64A7 /* PBXTargetDependency */,
			);
			name = FerniVoiceTests;
			productName = FerniVoiceTests;
			productReference = A8AF704CB96DE0ACBF0E9DA4 /* FerniVoiceTests.xctest */;
			productType = "com.apple.product-type.bundle.unit-test";
		};
		DD04288F0B1367C1F400F181 /* FerniWatch */ = {
			isa = PBXNativeTarget;
			buildConfigurationList = 187347E574291E05FD771AE3 /* Build configuration list for PBXNativeTarget "FerniWatch" */;
			buildPhases = (
				393FF504C52238128A29B493 /* Sources */,
				2817C8B3D1558CAB1F9EB7CB /* Frameworks */,
				997AF61115087A553062F783 /* Embed Foundation Extensions */,
				F60DDE13334E3DEBE11CB19C /* Resources */,
			);
			buildRules = (
			);
			dependencies = (
				444F030A9B178E994FC29484 /* PBXTargetDependency */,
			);
			name = FerniWatch;
			packageProductDependencies = (
				8C505BC4CC69B1F692F97697 /* FerniShared */,
			);
			productName = FerniWatch;
			productReference = C042064D8386AD5E095ADE89 /* FerniWatch.app */;
			productType = "com.apple.product-type.application";
		};
/* End PBXNativeTarget section */

/* Begin PBXProject section */
		E9185C2B470E50C038B18833 /* Project object */ = {
			isa = PBXProject;
			attributes = {
				BuildIndependentTargetsInParallel = YES;
				LastUpgradeCheck = 1500;
				TargetAttributes = {
					08F33F2F7B01D0368EE3975D = {
						DevelopmentTeam = XT8W26YE9U;
						ProvisioningStyle = Automatic;
					};
					2330EDFA02079221D97BDE77 = {
						DevelopmentTeam = XT8W26YE9U;
						ProvisioningStyle = Automatic;
					};
					25D983DE141E287111444992 = {
						DevelopmentTeam = XT8W26YE9U;
						ProvisioningStyle = Automatic;
					};
					8E5FE22A4AD9D915715F2766 = {
						DevelopmentTeam = XT8W26YE9U;
						ProvisioningStyle = Automatic;
					};
					DD04288F0B1367C1F400F181 = {
						DevelopmentTeam = XT8W26YE9U;
						ProvisioningStyle = Automatic;
					};
				};
			};
			buildConfigurationList = 55E0863A734A4864D457B1BE /* Build configuration list for PBXProject "FerniVoice" */;
			compatibilityVersion = "Xcode 14.0";
			developmentRegion = en;
			hasScannedForEncodings = 0;
			knownRegions = (
				Base,
				en,
			);
			mainGroup = 7BF7A55AF4BC8A78A83193E9;
			minimizedProjectReferenceProxies = 1;
			packageReferences = (
				BDF0DFDA77C6EF37DCD56DCB /* XCRemoteSwiftPackageReference "firebase-ios-sdk" */,
				2C5D1A9AD60B483D4ED72FDA /* XCLocalSwiftPackageReference "shared" */,
				7E49785416E2971D4A07B769 /* XCLocalSwiftPackageReference "client-sdk-swift" */,
			);
			preferredProjectObjectVersion = 77;
			productRefGroup = 14EF427128B5FF708EA0BF6D /* Products */;
			projectDirPath = "";
			projectRoot = "";
			targets = (
				2330EDFA02079221D97BDE77 /* FerniVoice */,
				8E5FE22A4AD9D915715F2766 /* FerniVoiceTests */,
				DD04288F0B1367C1F400F181 /* FerniWatch */,
				25D983DE141E287111444992 /* FerniWatchWidgets */,
				08F33F2F7B01D0368EE3975D /* FerniWidgets */,
			);
		};
/* End PBXProject section */

/* Begin PBXResourcesBuildPhase section */
		AB77E93CE10C039A4655A879 /* Resources */ = {
			isa = PBXResourcesBuildPhase;
			buildActionMask = 2147483647;
			files = (
				D3C80696A4CDAD54CE9C0511 /* Assets.xcassets in Resources */,
				DCFABF9EE4A54F5003FD8FEF /* GoogleService-Info.plist in Resources */,
				6232DB46AC207014C37B8C70 /* LaunchScreen.storyboard in Resources */,
				933A06C859C1BCF3759BECA2 /* Preview Assets.xcassets in Resources */,
				44E30CF0700B3AC46F4302B2 /* PrivacyInfo.xcprivacy in Resources */,
			);
			runOnlyForDeploymentPostprocessing = 0;
		};
		F60DDE13334E3DEBE11CB19C /* Resources */ = {
			isa = PBXResourcesBuildPhase;
			buildActionMask = 2147483647;
			files = (
				5E9DD86031A2487BF18CDB2C /* Assets.xcassets in Resources */,
				3A0CB6D3A74E5AFA11E8C252 /* PrivacyInfo.xcprivacy in Resources */,
			);
			runOnlyForDeploymentPostprocessing = 0;
		};
/* End PBXResourcesBuildPhase section */

/* Begin PBXSourcesBuildPhase section */
		018850B417332ED96C8ACBA7 /* Sources */ = {
			isa = PBXSourcesBuildPhase;
			buildActionMask = 2147483647;
			files = (
				505ECFBDBD6E34C6DF676016 /* FerniVoiceiOSTests.swift in Sources */,
			);
			runOnlyForDeploymentPostprocessing = 0;
		};
		393FF504C52238128A29B493 /* Sources */ = {
			isa = PBXSourcesBuildPhase;
			buildActionMask = 2147483647;
			files = (
				42D2573C889B3D5EC1426B68 /* FerniWatchApp.swift in Sources */,
				314AC7A45277FF0020B11B9C /* FerniWatchContentView.swift in Sources */,
			);
			runOnlyForDeploymentPostprocessing = 0;
		};
		50688D7945D21C4A93E305CF /* Sources */ = {
			isa = PBXSourcesBuildPhase;
			buildActionMask = 2147483647;
			files = (
				ED8512C6774680019D03F987 /* AccountSection.swift in Sources */,
				DD5957C8DA4311524E6511B8 /* AmbientModeService.swift in Sources */,
				A41ACBCEB7816D5E8CBE7053 /* AuthService.swift in Sources */,
				2A3E516A7784E94BFC4AD896 /* BetterThanHumanIntegration.swift in Sources */,
				61BEB49A3052CE32B516731C /* CalendarService.swift in Sources */,
				B93B80BA369079B320F74101 /* ConnectingView.swift in Sources */,
				67228DEE2B28C781DB7B04F3 /* ContactsService.swift in Sources */,
				4078804CAAF53E42D093BEF3 /* FerniColors.swift in Sources */,
				E8ABFBE1338A50A0953891D9 /* FerniVoiceApp.swift in Sources */,
				35C03580BC88E4E8D27539EB /* HealthKitService.swift in Sources */,
				087EA07EC8A40E2707A1D567 /* HomeKitService.swift in Sources */,
				81DD38671F19B6737A0B0324 /* IOSLiveKitSession.swift in Sources */,
				07A0DCA13A93E6271232535C /* KeychainManager.swift in Sources */,
				1CDCF6AEA8221C5C3BA32246 /* LocationService.swift in Sources */,
				C340251A1D014037CC241AE5 /* MusicKitService.swift in Sources */,
				A1B55779BE949A39FE4602B1 /* OnboardingView.swift in Sources */,
				B8A057B12C22DFEC335D6D11 /* PersonaPickerSheet.swift in Sources */,
				508D1E8B4967CF2734566569 /* ProactiveNotificationsService.swift in Sources */,
				F22925FC29B40832E7BFC503 /* SettingsView.swift in Sources */,
				6D70535586BC24CC68BB4047 /* SiriShortcutsService.swift in Sources */,
				38E526878C1ED96B7D5BBB97 /* SplashView.swift in Sources */,
				EB020B72B1AA4A8E51984708 /* TranscriptView.swift in Sources */,
				DABDAEFC261D7A2DF63FBD6D /* Typography.swift in Sources */,
				FFB3F04E8F23D145E327FFE7 /* VoiceView.swift in Sources */,
			);
			runOnlyForDeploymentPostprocessing = 0;
		};
		79F99FC0D98CDEDFE0B79498 /* Sources */ = {
			isa = PBXSourcesBuildPhase;
			buildActionMask = 2147483647;
			files = (
				8FF75B8B56A24D6680C59E67 /* FerniWatchWidgets.swift in Sources */,
			);
			runOnlyForDeploymentPostprocessing = 0;
		};
		E24C385ABE542B2B65390D75 /* Sources */ = {
			isa = PBXSourcesBuildPhase;
			buildActionMask = 2147483647;
			files = (
				1979BB5FF1EEC3061F24B628 /* FerniAppIntents.swift in Sources */,
				4C29E322E47F2977BC20BD9A /* FerniWidgets.swift in Sources */,
				09092237862D6F73171C9F4A /* InteractiveMoodWidget.swift in Sources */,
			);
			runOnlyForDeploymentPostprocessing = 0;
		};
/* End PBXSourcesBuildPhase section */

/* Begin PBXTargetDependency section */
		444F030A9B178E994FC29484 /* PBXTargetDependency */ = {
			isa = PBXTargetDependency;
			target = 25D983DE141E287111444992 /* FerniWatchWidgets */;
			targetProxy = B2ADF9AAF38A0E0B68187BB4 /* PBXContainerItemProxy */;
		};
		73118FB788D53AD8A52E64A7 /* PBXTargetDependency */ = {
			isa = PBXTargetDependency;
			target = 2330EDFA02079221D97BDE77 /* FerniVoice */;
			targetProxy = 110CD8A9D70E857312945A26 /* PBXContainerItemProxy */;
		};
		78FFCFBA8C6FF17F23EC7992 /* PBXTargetDependency */ = {
			isa = PBXTargetDependency;
			target = 08F33F2F7B01D0368EE3975D /* FerniWidgets */;
			targetProxy = 74C5FAC598B4236794BE5A96 /* PBXContainerItemProxy */;
		};
/* End PBXTargetDependency section */

/* Begin XCBuildConfiguration section */
		1D4C4BA4080A1DC44AFB9DC7 /* Release */ = {
			isa = XCBuildConfiguration;
			buildSettings = {
				ASSETCATALOG_COMPILER_APPICON_NAME = AppIcon;
				CODE_SIGN_ENTITLEMENTS = FerniWatch/FerniWatch.entitlements;
				CURRENT_PROJECT_VERSION = 1;
				GENERATE_INFOPLIST_FILE = YES;
				INFOPLIST_FILE = FerniWatch/Info.plist;
				MARKETING_VERSION = 1.0.0;
				PRODUCT_BUNDLE_IDENTIFIER = com.sethdford.ferni.watch;
				SDKROOT = watchos;
				SKIP_INSTALL = YES;
				SWIFT_EMIT_LOC_STRINGS = YES;
				TARGETED_DEVICE_FAMILY = 4;
				WATCHOS_DEPLOYMENT_TARGET = 9.0;
			};
			name = Release;
		};
		2185B5F59F77EC53B797693E /* Release */ = {
			isa = XCBuildConfiguration;
			buildSettings = {
				CODE_SIGN_ENTITLEMENTS = FerniWatchWidgets/FerniWatchWidgets.entitlements;
				CURRENT_PROJECT_VERSION = 1;
				GENERATE_INFOPLIST_FILE = YES;
				INFOPLIST_FILE = FerniWatchWidgets/Info.plist;
				LD_RUNPATH_SEARCH_PATHS = (
					"$(inherited)",
					"@executable_path/Frameworks",
					"@executable_path/../../Frameworks",
				);
				MARKETING_VERSION = 1.0.0;
				PRODUCT_BUNDLE_IDENTIFIER = com.sethdford.ferni.watch.widgets;
				SDKROOT = watchos;
				SKIP_INSTALL = YES;
				SWIFT_EMIT_LOC_STRINGS = YES;
				TARGETED_DEVICE_FAMILY = 4;
				WATCHOS_DEPLOYMENT_TARGET = 9.0;
			};
			name = Release;
		};
		22BBD8991145CC564EF5E6FF /* Debug */ = {
			isa = XCBuildConfiguration;
			buildSettings = {
				ASSETCATALOG_COMPILER_APPICON_NAME = AppIcon;
				CODE_SIGN_ENTITLEMENTS = FerniWatch/FerniWatch.entitlements;
				CURRENT_PROJECT_VERSION = 1;
				GENERATE_INFOPLIST_FILE = YES;
				INFOPLIST_FILE = FerniWatch/Info.plist;
				MARKETING_VERSION = 1.0.0;
				PRODUCT_BUNDLE_IDENTIFIER = com.sethdford.ferni.watch;
				SDKROOT = watchos;
				SKIP_INSTALL = YES;
				SWIFT_EMIT_LOC_STRINGS = YES;
				TARGETED_DEVICE_FAMILY = 4;
				WATCHOS_DEPLOYMENT_TARGET = 9.0;
			};
			name = Debug;
		};
		617861943A2903B3959F20C9 /* Release */ = {
			isa = XCBuildConfiguration;
			buildSettings = {
				BUNDLE_LOADER = "$(TEST_HOST)";
				LD_RUNPATH_SEARCH_PATHS = (
					"$(inherited)",
					"@executable_path/Frameworks",
					"@loader_path/Frameworks",
				);
				PRODUCT_BUNDLE_IDENTIFIER = com.sethdford.ferni.tests;
				SDKROOT = iphoneos;
				TARGETED_DEVICE_FAMILY = "1,2";
				TEST_HOST = "$(BUILT_PRODUCTS_DIR)/FerniVoice.app/FerniVoice";
			};
			name = Release;
		};
		8B55C5B6B047471F846B8601 /* Release */ = {
			isa = XCBuildConfiguration;
			buildSettings = {
				ALWAYS_SEARCH_USER_PATHS = NO;
				CLANG_ANALYZER_NONNULL = YES;
				CLANG_ANALYZER_NUMBER_OBJECT_CONVERSION = YES_AGGRESSIVE;
				CLANG_CXX_LANGUAGE_STANDARD = "gnu++14";
				CLANG_CXX_LIBRARY = "libc++";
				CLANG_ENABLE_MODULES = YES;
				CLANG_ENABLE_OBJC_ARC = YES;
				CLANG_ENABLE_OBJC_WEAK = YES;
				CLANG_WARN_BLOCK_CAPTURE_AUTORELEASING = YES;
				CLANG_WARN_BOOL_CONVERSION = YES;
				CLANG_WARN_COMMA = YES;
				CLANG_WARN_CONSTANT_CONVERSION = YES;
				CLANG_WARN_DEPRECATED_OBJC_IMPLEMENTATIONS = YES;
				CLANG_WARN_DIRECT_OBJC_ISA_USAGE = YES_ERROR;
				CLANG_WARN_DOCUMENTATION_COMMENTS = YES;
				CLANG_WARN_EMPTY_BODY = YES;
				CLANG_WARN_ENUM_CONVERSION = YES;
				CLANG_WARN_INFINITE_RECURSION = YES;
				CLANG_WARN_INT_CONVERSION = YES;
				CLANG_WARN_NON_LITERAL_NULL_CONVERSION = YES;
				CLANG_WARN_OBJC_IMPLICIT_RETAIN_SELF = YES;
				CLANG_WARN_OBJC_LITERAL_CONVERSION = YES;
				CLANG_WARN_OBJC_ROOT_CLASS = YES_ERROR;
				CLANG_WARN_QUOTED_INCLUDE_IN_FRAMEWORK_HEADER = YES;
				CLANG_WARN_RANGE_LOOP_ANALYSIS = YES;
				CLANG_WARN_STRICT_PROTOTYPES = YES;
				CLANG_WARN_SUSPICIOUS_MOVE = YES;
				CLANG_WARN_UNGUARDED_AVAILABILITY = YES_AGGRESSIVE;
				CLANG_WARN_UNREACHABLE_CODE = YES;
				CLANG_WARN__DUPLICATE_METHOD_MATCH = YES;
				CODE_SIGN_STYLE = Automatic;
				COPY_PHASE_STRIP = NO;
				CURRENT_PROJECT_VERSION = 1;
				DEBUG_INFORMATION_FORMAT = "dwarf-with-dsym";
				DEVELOPMENT_TEAM = XT8W26YE9U;
				ENABLE_NS_ASSERTIONS = NO;
				ENABLE_STRICT_OBJC_MSGSEND = YES;
				GCC_C_LANGUAGE_STANDARD = gnu11;
				GCC_NO_COMMON_BLOCKS = YES;
				GCC_WARN_64_TO_32_BIT_CONVERSION = YES;
				GCC_WARN_ABOUT_RETURN_TYPE = YES_ERROR;
				GCC_WARN_UNDECLARED_SELECTOR = YES;
				GCC_WARN_UNINITIALIZED_AUTOS = YES_AGGRESSIVE;
				GCC_WARN_UNUSED_FUNCTION = YES;
				GCC_WARN_UNUSED_VARIABLE = YES;
				IPHONEOS_DEPLOYMENT_TARGET = 16.0;
				MARKETING_VERSION = 1.0.0;
				MTL_ENABLE_DEBUG_INFO = NO;
				MTL_FAST_MATH = YES;
				PRODUCT_NAME = "$(TARGET_NAME)";
				SWIFT_COMPILATION_MODE = wholemodule;
				SWIFT_OPTIMIZATION_LEVEL = "-O";
				SWIFT_VERSION = 5.9;
				WATCHOS_DEPLOYMENT_TARGET = 9.0;
			};
			name = Release;
		};
		AED1B6C0FD0FCD6C281C1FB2 /* Debug */ = {
			isa = XCBuildConfiguration;
			buildSettings = {
				CODE_SIGN_ENTITLEMENTS = FerniWidgets/FerniWidgets.entitlements;
				CURRENT_PROJECT_VERSION = 1;
				GENERATE_INFOPLIST_FILE = YES;
				INFOPLIST_FILE = FerniWidgets/Info.plist;
				IPHONEOS_DEPLOYMENT_TARGET = 17.0;
				LD_RUNPATH_SEARCH_PATHS = (
					"$(inherited)",
					"@executable_path/Frameworks",
					"@executable_path/../../Frameworks",
				);
				MARKETING_VERSION = 1.0.0;
				PRODUCT_BUNDLE_IDENTIFIER = com.sethdford.ferni.widgets;
				SDKROOT = iphoneos;
				SWIFT_EMIT_LOC_STRINGS = YES;
				TARGETED_DEVICE_FAMILY = "1,2";
			};
			name = Debug;
		};
		B0F1085B400E531C5B5A5DAD /* Debug */ = {
			isa = XCBuildConfiguration;
			buildSettings = {
				ALWAYS_SEARCH_USER_PATHS = NO;
				CLANG_ANALYZER_NONNULL = YES;
				CLANG_ANALYZER_NUMBER_OBJECT_CONVERSION = YES_AGGRESSIVE;
				CLANG_CXX_LANGUAGE_STANDARD = "gnu++14";
				CLANG_CXX_LIBRARY = "libc++";
				CLANG_ENABLE_MODULES = YES;
				CLANG_ENABLE_OBJC_ARC = YES;
				CLANG_ENABLE_OBJC_WEAK = YES;
				CLANG_WARN_BLOCK_CAPTURE_AUTORELEASING = YES;
				CLANG_WARN_BOOL_CONVERSION = YES;
				CLANG_WARN_COMMA = YES;
				CLANG_WARN_CONSTANT_CONVERSION = YES;
				CLANG_WARN_DEPRECATED_OBJC_IMPLEMENTATIONS = YES;
				CLANG_WARN_DIRECT_OBJC_ISA_USAGE = YES_ERROR;
				CLANG_WARN_DOCUMENTATION_COMMENTS = YES;
				CLANG_WARN_EMPTY_BODY = YES;
				CLANG_WARN_ENUM_CONVERSION = YES;
				CLANG_WARN_INFINITE_RECURSION = YES;
				CLANG_WARN_INT_CONVERSION = YES;
				CLANG_WARN_NON_LITERAL_NULL_CONVERSION = YES;
				CLANG_WARN_OBJC_IMPLICIT_RETAIN_SELF = YES;
				CLANG_WARN_OBJC_LITERAL_CONVERSION = YES;
				CLANG_WARN_OBJC_ROOT_CLASS = YES_ERROR;
				CLANG_WARN_QUOTED_INCLUDE_IN_FRAMEWORK_HEADER = YES;
				CLANG_WARN_RANGE_LOOP_ANALYSIS = YES;
				CLANG_WARN_STRICT_PROTOTYPES = YES;
				CLANG_WARN_SUSPICIOUS_MOVE = YES;
				CLANG_WARN_UNGUARDED_AVAILABILITY = YES_AGGRESSIVE;
				CLANG_WARN_UNREACHABLE_CODE = YES;
				CLANG_WARN__DUPLICATE_METHOD_MATCH = YES;
				CODE_SIGN_STYLE = Automatic;
				COPY_PHASE_STRIP = NO;
				CURRENT_PROJECT_VERSION = 1;
				DEBUG_INFORMATION_FORMAT = dwarf;
				DEVELOPMENT_TEAM = XT8W26YE9U;
				ENABLE_STRICT_OBJC_MSGSEND = YES;
				ENABLE_TESTABILITY = YES;
				GCC_C_LANGUAGE_STANDARD = gnu11;
				GCC_DYNAMIC_NO_PIC = NO;
				GCC_NO_COMMON_BLOCKS = YES;
				GCC_OPTIMIZATION_LEVEL = 0;
				GCC_PREPROCESSOR_DEFINITIONS = (
					"$(inherited)",
					"DEBUG=1",
				);
				GCC_WARN_64_TO_32_BIT_CONVERSION = YES;
				GCC_WARN_ABOUT_RETURN_TYPE = YES_ERROR;
				GCC_WARN_UNDECLARED_SELECTOR = YES;
				GCC_WARN_UNINITIALIZED_AUTOS = YES_AGGRESSIVE;
				GCC_WARN_UNUSED_FUNCTION = YES;
				GCC_WARN_UNUSED_VARIABLE = YES;
				IPHONEOS_DEPLOYMENT_TARGET = 16.0;
				MARKETING_VERSION = 1.0.0;
				MTL_ENABLE_DEBUG_INFO = INCLUDE_SOURCE;
				MTL_FAST_MATH = YES;
				ONLY_ACTIVE_ARCH = YES;
				PRODUCT_NAME = "$(TARGET_NAME)";
				SWIFT_ACTIVE_COMPILATION_CONDITIONS = DEBUG;
				SWIFT_OPTIMIZATION_LEVEL = "-Onone";
				SWIFT_VERSION = 5.9;
				WATCHOS_DEPLOYMENT_TARGET = 9.0;
			};
			name = Debug;
		};
		C5774A20E8F50C9245F1E377 /* Release */ = {
			isa = XCBuildConfiguration;
			buildSettings = {
				CODE_SIGN_ENTITLEMENTS = FerniWidgets/FerniWidgets.entitlements;
				CURRENT_PROJECT_VERSION = 1;
				GENERATE_INFOPLIST_FILE = YES;
				INFOPLIST_FILE = FerniWidgets/Info.plist;
				IPHONEOS_DEPLOYMENT_TARGET = 17.0;
				LD_RUNPATH_SEARCH_PATHS = (
					"$(inherited)",
					"@executable_path/Frameworks",
					"@executable_path/../../Frameworks",
				);
				MARKETING_VERSION = 1.0.0;
				PRODUCT_BUNDLE_IDENTIFIER = com.sethdford.ferni.widgets;
				SDKROOT = iphoneos;
				SWIFT_EMIT_LOC_STRINGS = YES;
				TARGETED_DEVICE_FAMILY = "1,2";
			};
			name = Release;
		};
		C58889C8F411C7A84A9E8CB4 /* Debug */ = {
			isa = XCBuildConfiguration;
			buildSettings = {
				CODE_SIGN_ENTITLEMENTS = FerniWatchWidgets/FerniWatchWidgets.entitlements;
				CURRENT_PROJECT_VERSION = 1;
				GENERATE_INFOPLIST_FILE = YES;
				INFOPLIST_FILE = FerniWatchWidgets/Info.plist;
				LD_RUNPATH_SEARCH_PATHS = (
					"$(inherited)",
					"@executable_path/Frameworks",
					"@executable_path/../../Frameworks",
				);
				MARKETING_VERSION = 1.0.0;
				PRODUCT_BUNDLE_IDENTIFIER = com.sethdford.ferni.watch.widgets;
				SDKROOT = watchos;
				SKIP_INSTALL = YES;
				SWIFT_EMIT_LOC_STRINGS = YES;
				TARGETED_DEVICE_FAMILY = 4;
				WATCHOS_DEPLOYMENT_TARGET = 9.0;
			};
			name = Debug;
		};
		C9C87394A6C56025243B4801 /* Debug */ = {
			isa = XCBuildConfiguration;
			buildSettings = {
				BUNDLE_LOADER = "$(TEST_HOST)";
				LD_RUNPATH_SEARCH_PATHS = (
					"$(inherited)",
					"@executable_path/Frameworks",
					"@loader_path/Frameworks",
				);
				PRODUCT_BUNDLE_IDENTIFIER = com.sethdford.ferni.tests;
				SDKROOT = iphoneos;
				TARGETED_DEVICE_FAMILY = "1,2";
				TEST_HOST = "$(BUILT_PRODUCTS_DIR)/FerniVoice.app/FerniVoice";
			};
			name = Debug;
		};
		D31B518BBCBEB632C0A86AAA /* Release */ = {
			isa = XCBuildConfiguration;
			buildSettings = {
				ASSETCATALOG_COMPILER_APPICON_NAME = AppIcon;
				ASSETCATALOG_COMPILER_GLOBAL_ACCENT_COLOR_NAME = AccentColor;
				CODE_SIGN_ENTITLEMENTS = FerniVoice/FerniVoice.entitlements;
				CODE_SIGN_IDENTITY = "iPhone Developer";
				ENABLE_PREVIEWS = YES;
				INFOPLIST_FILE = FerniVoice/Info.plist;
				IPHONEOS_DEPLOYMENT_TARGET = 16.0;
				LD_RUNPATH_SEARCH_PATHS = (
					"$(inherited)",
					"@executable_path/Frameworks",
				);
				PRODUCT_BUNDLE_IDENTIFIER = com.sethdford.ferni;
				SDKROOT = iphoneos;
				SWIFT_EMIT_LOC_STRINGS = YES;
				TARGETED_DEVICE_FAMILY = "1,2";
			};
			name = Release;
		};
		E260EBBF674F90CB8CE29822 /* Debug */ = {
			isa = XCBuildConfiguration;
			buildSettings = {
				ASSETCATALOG_COMPILER_APPICON_NAME = AppIcon;
				ASSETCATALOG_COMPILER_GLOBAL_ACCENT_COLOR_NAME = AccentColor;
				CODE_SIGN_ENTITLEMENTS = FerniVoice/FerniVoice.entitlements;
				CODE_SIGN_IDENTITY = "iPhone Developer";
				ENABLE_PREVIEWS = YES;
				INFOPLIST_FILE = FerniVoice/Info.plist;
				IPHONEOS_DEPLOYMENT_TARGET = 16.0;
				LD_RUNPATH_SEARCH_PATHS = (
					"$(inherited)",
					"@executable_path/Frameworks",
				);
				PRODUCT_BUNDLE_IDENTIFIER = com.sethdford.ferni;
				SDKROOT = iphoneos;
				SWIFT_EMIT_LOC_STRINGS = YES;
				TARGETED_DEVICE_FAMILY = "1,2";
			};
			name = Debug;
		};
/* End XCBuildConfiguration section */

/* Begin XCConfigurationList section */
		0ABDEE4AA7FC68AFE29A348E /* Build configuration list for PBXNativeTarget "FerniWidgets" */ = {
			isa = XCConfigurationList;
			buildConfigurations = (
				AED1B6C0FD0FCD6C281C1FB2 /* Debug */,
				C5774A20E8F50C9245F1E377 /* Release */,
			);
			defaultConfigurationIsVisible = 0;
			defaultConfigurationName = Debug;
		};
		187347E574291E05FD771AE3 /* Build configuration list for PBXNativeTarget "FerniWatch" */ = {
			isa = XCConfigurationList;
			buildConfigurations = (
				22BBD8991145CC564EF5E6FF /* Debug */,
				1D4C4BA4080A1DC44AFB9DC7 /* Release */,
			);
			defaultConfigurationIsVisible = 0;
			defaultConfigurationName = Debug;
		};
		55E0863A734A4864D457B1BE /* Build configuration list for PBXProject "FerniVoice" */ = {
			isa = XCConfigurationList;
			buildConfigurations = (
				B0F1085B400E531C5B5A5DAD /* Debug */,
				8B55C5B6B047471F846B8601 /* Release */,
			);
			defaultConfigurationIsVisible = 0;
			defaultConfigurationName = Debug;
		};
		5793331B8F8D326042815832 /* Build configuration list for PBXNativeTarget "FerniVoiceTests" */ = {
			isa = XCConfigurationList;
			buildConfigurations = (
				C9C87394A6C56025243B4801 /* Debug */,
				617861943A2903B3959F20C9 /* Release */,
			);
			defaultConfigurationIsVisible = 0;
			defaultConfigurationName = Debug;
		};
		795DEEE2659A15869C5B1172 /* Build configuration list for PBXNativeTarget "FerniWatchWidgets" */ = {
			isa = XCConfigurationList;
			buildConfigurations = (
				C58889C8F411C7A84A9E8CB4 /* Debug */,
				2185B5F59F77EC53B797693E /* Release */,
			);
			defaultConfigurationIsVisible = 0;
			defaultConfigurationName = Debug;
		};
		EA35538FABF4FE3F65828A39 /* Build configuration list for PBXNativeTarget "FerniVoice" */ = {
			isa = XCConfigurationList;
			buildConfigurations = (
				E260EBBF674F90CB8CE29822 /* Debug */,
				D31B518BBCBEB632C0A86AAA /* Release */,
			);
			defaultConfigurationIsVisible = 0;
			defaultConfigurationName = Debug;
		};
/* End XCConfigurationList section */

/* Begin XCLocalSwiftPackageReference section */
		2C5D1A9AD60B483D4ED72FDA /* XCLocalSwiftPackageReference "shared" */ = {
			isa = XCLocalSwiftPackageReference;
			relativePath = ../shared;
		};
		7E49785416E2971D4A07B769 /* XCLocalSwiftPackageReference "client-sdk-swift" */ = {
			isa = XCLocalSwiftPackageReference;
			relativePath = "../../vendor/client-sdk-swift";
		};
/* End XCLocalSwiftPackageReference section */

/* Begin XCRemoteSwiftPackageReference section */
		BDF0DFDA77C6EF37DCD56DCB /* XCRemoteSwiftPackageReference "firebase-ios-sdk" */ = {
			isa = XCRemoteSwiftPackageReference;
			repositoryURL = "https://github.com/firebase/firebase-ios-sdk";
			requirement = {
				kind = upToNextMajorVersion;
				minimumVersion = 11.0.0;
			};
		};
/* End XCRemoteSwiftPackageReference section */

/* Begin XCSwiftPackageProductDependency section */
		3B631CB053C6EB9371773D9B /* FerniShared */ = {
			isa = XCSwiftPackageProductDependency;
			productName = FerniShared;
		};
		7F58E1F2D8611AEA3CBDE1CF /* LiveKit */ = {
			isa = XCSwiftPackageProductDependency;
			productName = LiveKit;
		};
		8C505BC4CC69B1F692F97697 /* FerniShared */ = {
			isa = XCSwiftPackageProductDependency;
			productName = FerniShared;
		};
		96C325A386230CA06BECAE25 /* FirebaseAuth */ = {
			isa = XCSwiftPackageProductDependency;
			package = BDF0DFDA77C6EF37DCD56DCB /* XCRemoteSwiftPackageReference "firebase-ios-sdk" */;
			productName = FirebaseAuth;
		};
		A8DFE9A0454A9EE06FF5E8AE /* FirebaseCore */ = {
			isa = XCSwiftPackageProductDependency;
			package = BDF0DFDA77C6EF37DCD56DCB /* XCRemoteSwiftPackageReference "firebase-ios-sdk" */;
			productName = FirebaseCore;
		};
		C0D1614C00172F95BE68DF38 /* FerniShared */ = {
			isa = XCSwiftPackageProductDependency;
			productName = FerniShared;
		};
/* End XCSwiftPackageProductDependency section */
	};
	rootObject = E9185C2B470E50C038B18833 /* Project object */;
}
